// !$*UTF8*$!
{
	archiveVersion = 1;
	classes = {
	};
	objectVersion = 55;
	objects = {

/* Begin PBXBuildFile section */
		0A164FFE2826B60E00DE9FA6 /* AppDelegate.swift in Sources */ = {isa = PBXBuildFile; fileRef = 0A164FFD2826B60E00DE9FA6 /* AppDelegate.swift */; };
		0A1650002826B60E00DE9FA6 /* SceneDelegate.swift in Sources */ = {isa = PBXBuildFile; fileRef = 0A164FFF2826B60E00DE9FA6 /* SceneDelegate.swift */; };
		0A1650072826B60F00DE9FA6 /* Assets.xcassets in Resources */ = {isa = PBXBuildFile; fileRef = 0A1650062826B60F00DE9FA6 /* Assets.xcassets */; };
		0A16500A2826B60F00DE9FA6 /* LaunchScreen.storyboard in Resources */ = {isa = PBXBuildFile; fileRef = 0A1650082826B60F00DE9FA6 /* LaunchScreen.storyboard */; };
		0A16501F2826B60F00DE9FA6 /* ShopZenUITests.swift in Sources */ = {isa = PBXBuildFile; fileRef = 0A16501E2826B60F00DE9FA6 /* ShopZenUITests.swift */; };
		0A1650212826B60F00DE9FA6 /* ShopZenUITestsLaunchTests.swift in Sources */ = {isa = PBXBuildFile; fileRef = 0A1650202826B60F00DE9FA6 /* ShopZenUITestsLaunchTests.swift */; };
		0A1650332826BAC800DE9FA6 /* BaseViewModel.swift in Sources */ = {isa = PBXBuildFile; fileRef = 0A1650322826BAC800DE9FA6 /* BaseViewModel.swift */; };
		0A1650352826BAD200DE9FA6 /* BaseProtocol.swift in Sources */ = {isa = PBXBuildFile; fileRef = 0A1650342826BAD200DE9FA6 /* BaseProtocol.swift */; };
		0A1650372826BADB00DE9FA6 /* BaseViewController.swift in Sources */ = {isa = PBXBuildFile; fileRef = 0A1650362826BADB00DE9FA6 /* BaseViewController.swift */; };
		0A16503A2826BC0300DE9FA6 /* UIView+Extension.swift in Sources */ = {isa = PBXBuildFile; fileRef = 0A1650392826BC0300DE9FA6 /* UIView+Extension.swift */; };
		0A16503F2826BC4200DE9FA6 /* ShopViewModel.swift in Sources */ = {isa = PBXBuildFile; fileRef = 0A16503E2826BC4200DE9FA6 /* ShopViewModel.swift */; };
		0A1650432826BC7A00DE9FA6 /* Category.swift in Sources */ = {isa = PBXBuildFile; fileRef = 0A1650422826BC7A00DE9FA6 /* Category.swift */; };
		0A1650462826BCB300DE9FA6 /* Item.swift in Sources */ = {isa = PBXBuildFile; fileRef = 0A1650452826BCB300DE9FA6 /* Item.swift */; };
		0A16504A2826BDB300DE9FA6 /* DecoderHandler.swift in Sources */ = {isa = PBXBuildFile; fileRef = 0A1650492826BDB300DE9FA6 /* DecoderHandler.swift */; };
		0A16504C2826BE8C00DE9FA6 /* APIProviderOLD.swift in Sources */ = {isa = PBXBuildFile; fileRef = 0A16504B2826BE8C00DE9FA6 /* APIProviderOLD.swift */; };
		0A16504F2826BEB500DE9FA6 /* Urls.swift in Sources */ = {isa = PBXBuildFile; fileRef = 0A16504E2826BEB500DE9FA6 /* Urls.swift */; };
		0A1650542826BF0100DE9FA6 /* ShopDelegate.swift in Sources */ = {isa = PBXBuildFile; fileRef = 0A1650532826BF0100DE9FA6 /* ShopDelegate.swift */; };
		0A1650562826BF3300DE9FA6 /* ShopViewController.swift in Sources */ = {isa = PBXBuildFile; fileRef = 0A1650552826BF3300DE9FA6 /* ShopViewController.swift */; };
		0A1650592826C09B00DE9FA6 /* ViewModelFactory.swift in Sources */ = {isa = PBXBuildFile; fileRef = 0A1650582826C09B00DE9FA6 /* ViewModelFactory.swift */; };
		0A16505C2826C7E500DE9FA6 /* AppStrings.swift in Sources */ = {isa = PBXBuildFile; fileRef = 0A16505B2826C7E500DE9FA6 /* AppStrings.swift */; };
		0A16505F2826C9C200DE9FA6 /* String+Extension.swift in Sources */ = {isa = PBXBuildFile; fileRef = 0A16505E2826C9C200DE9FA6 /* String+Extension.swift */; };
		0A16506528281E2000DE9FA6 /* ItemCollectionViewCell.swift in Sources */ = {isa = PBXBuildFile; fileRef = 0A16506428281E2000DE9FA6 /* ItemCollectionViewCell.swift */; };
		0A165067282820B400DE9FA6 /* ShopViewController+UICollectionViewDataSource.swift in Sources */ = {isa = PBXBuildFile; fileRef = 0A165066282820B400DE9FA6 /* ShopViewController+UICollectionViewDataSource.swift */; };
		0A1650692828211600DE9FA6 /* ShopViewController+UICollectionViewDelegate.swift in Sources */ = {isa = PBXBuildFile; fileRef = 0A1650682828211600DE9FA6 /* ShopViewController+UICollectionViewDelegate.swift */; };
		0A16506E282982C200DE9FA6 /* PaddingLabel.swift in Sources */ = {isa = PBXBuildFile; fileRef = 0A16506D282982C200DE9FA6 /* PaddingLabel.swift */; };
		0A165070282984E500DE9FA6 /* ItemsWithCategory.swift in Sources */ = {isa = PBXBuildFile; fileRef = 0A16506F282984E500DE9FA6 /* ItemsWithCategory.swift */; };
		0A1650722829A81D00DE9FA6 /* UIImageView+Extension.swift in Sources */ = {isa = PBXBuildFile; fileRef = 0A1650712829A81D00DE9FA6 /* UIImageView+Extension.swift */; };
		0A165074282AD96300DE9FA6 /* URLSession+Extension.swift in Sources */ = {isa = PBXBuildFile; fileRef = 0A165073282AD96300DE9FA6 /* URLSession+Extension.swift */; };
		0A1650B8282AFB3C00DE9FA6 /* Categories.swift in Sources */ = {isa = PBXBuildFile; fileRef = 0A1650B7282AFB3C00DE9FA6 /* Categories.swift */; };
		0A1650BA282B191900DE9FA6 /* ImageCached.swift in Sources */ = {isa = PBXBuildFile; fileRef = 0A1650B9282B191800DE9FA6 /* ImageCached.swift */; };
		0A5AC39F282C4588009157FA /* UIButton+Extension.swift in Sources */ = {isa = PBXBuildFile; fileRef = 0A5AC39E282C4588009157FA /* UIButton+Extension.swift */; };
		0A5AC3A2282FCBD0009157FA /* ItemDetailViewController+Extension.swift in Sources */ = {isa = PBXBuildFile; fileRef = 0A5AC3A1282FCBD0009157FA /* ItemDetailViewController+Extension.swift */; };
		0A5AC3A5282FDD27009157FA /* MockAPIProvider.swift in Sources */ = {isa = PBXBuildFile; fileRef = 0A5AC3A4282FDD27009157FA /* MockAPIProvider.swift */; };
		0A5AC3AB282FFD81009157FA /* ItemDetailViewModelTests.swift in Sources */ = {isa = PBXBuildFile; fileRef = 0A5AC3AA282FFD81009157FA /* ItemDetailViewModelTests.swift */; };
		0A5AC3B12830C2D3009157FA /* ItemDetailsViewModelTests+Extension.swift in Sources */ = {isa = PBXBuildFile; fileRef = 0A5AC3B02830C2D3009157FA /* ItemDetailsViewModelTests+Extension.swift */; };
		0A5AC3B52830C383009157FA /* ShopViewModelTests+Extension.swift in Sources */ = {isa = PBXBuildFile; fileRef = 0A5AC3B42830C383009157FA /* ShopViewModelTests+Extension.swift */; };
		81203773282BB66500286457 /* ColorPalette.swift in Sources */ = {isa = PBXBuildFile; fileRef = 81203772282BB66500286457 /* ColorPalette.swift */; };
		81203775282BF18300286457 /* DateHelper.swift in Sources */ = {isa = PBXBuildFile; fileRef = 81203774282BF18300286457 /* DateHelper.swift */; };
		81203778282BF88A00286457 /* Date+Extension.swift in Sources */ = {isa = PBXBuildFile; fileRef = 81203777282BF88A00286457 /* Date+Extension.swift */; };
		8120377A282C155900286457 /* ImagePalette.swift in Sources */ = {isa = PBXBuildFile; fileRef = 81203779282C155900286457 /* ImagePalette.swift */; };
		812FD567282A565300B14575 /* APIError.swift in Sources */ = {isa = PBXBuildFile; fileRef = 812FD566282A565300B14575 /* APIError.swift */; };
		812FD56A282A5AA100B14575 /* ZenLog.swift in Sources */ = {isa = PBXBuildFile; fileRef = 812FD569282A5AA100B14575 /* ZenLog.swift */; };
		812FD56C282A5FFC00B14575 /* Extension+NetworkService.swift in Sources */ = {isa = PBXBuildFile; fileRef = 812FD56B282A5FFC00B14575 /* Extension+NetworkService.swift */; };
		812FD570282A935500B14575 /* APIProvider.swift in Sources */ = {isa = PBXBuildFile; fileRef = 812FD56F282A935500B14575 /* APIProvider.swift */; };
		812FD576282A9EB300B14575 /* ItemDetailViewModel.swift in Sources */ = {isa = PBXBuildFile; fileRef = 812FD575282A9EB300B14575 /* ItemDetailViewModel.swift */; };
		812FD579282A9EDD00B14575 /* ItemDetailViewController.swift in Sources */ = {isa = PBXBuildFile; fileRef = 812FD578282A9EDD00B14575 /* ItemDetailViewController.swift */; };
		812FD57B282A9F0100B14575 /* ItemDetailDelegate.swift in Sources */ = {isa = PBXBuildFile; fileRef = 812FD57A282A9F0100B14575 /* ItemDetailDelegate.swift */; };
		812FD57D282AA03500B14575 /* ShopViewController+UICollectionViewDelegateFlowLayout.swift in Sources */ = {isa = PBXBuildFile; fileRef = 812FD57C282AA03500B14575 /* ShopViewController+UICollectionViewDelegateFlowLayout.swift */; };
		8135F9FB282E541A00D3A22C /* ShopViewModelTests.swift in Sources */ = {isa = PBXBuildFile; fileRef = 8135F9FA282E541A00D3A22C /* ShopViewModelTests.swift */; };
		8135F9FF282E8BE700D3A22C /* ShopViewController+Extension.swift in Sources */ = {isa = PBXBuildFile; fileRef = 8135F9FE282E8BE700D3A22C /* ShopViewController+Extension.swift */; };
		8135FA01282EAE3B00D3A22C /* UIViewController+Extension.swift in Sources */ = {isa = PBXBuildFile; fileRef = 8135FA00282EAE3B00D3A22C /* UIViewController+Extension.swift */; };
		819233F1282ABEC500A6BEA7 /* APIClient.swift in Sources */ = {isa = PBXBuildFile; fileRef = 819233F0282ABEC500A6BEA7 /* APIClient.swift */; };
		819233F3282AC43F00A6BEA7 /* APIProvider+Extenstion.swift in Sources */ = {isa = PBXBuildFile; fileRef = 819233F2282AC43F00A6BEA7 /* APIProvider+Extenstion.swift */; };
		81BD2C97282D637300E5FEDC /* UIBarButtonItem+Extension.swift in Sources */ = {isa = PBXBuildFile; fileRef = 81BD2C96282D637300E5FEDC /* UIBarButtonItem+Extension.swift */; };
/* End PBXBuildFile section */

/* Begin PBXContainerItemProxy section */
		0A1650112826B60F00DE9FA6 /* PBXContainerItemProxy */ = {
			isa = PBXContainerItemProxy;
			containerPortal = 0A164FF22826B60E00DE9FA6 /* Project object */;
			proxyType = 1;
			remoteGlobalIDString = 0A164FF92826B60E00DE9FA6;
			remoteInfo = ShopZen;
		};
		0A16501B2826B60F00DE9FA6 /* PBXContainerItemProxy */ = {
			isa = PBXContainerItemProxy;
			containerPortal = 0A164FF22826B60E00DE9FA6 /* Project object */;
			proxyType = 1;
			remoteGlobalIDString = 0A164FF92826B60E00DE9FA6;
			remoteInfo = ShopZen;
		};
/* End PBXContainerItemProxy section */

/* Begin PBXFileReference section */
		0A164FFA2826B60E00DE9FA6 /* ShopZen.app */ = {isa = PBXFileReference; explicitFileType = wrapper.application; includeInIndex = 0; path = ShopZen.app; sourceTree = BUILT_PRODUCTS_DIR; };
		0A164FFD2826B60E00DE9FA6 /* AppDelegate.swift */ = {isa = PBXFileReference; lastKnownFileType = sourcecode.swift; path = AppDelegate.swift; sourceTree = "<group>"; };
		0A164FFF2826B60E00DE9FA6 /* SceneDelegate.swift */ = {isa = PBXFileReference; lastKnownFileType = sourcecode.swift; path = SceneDelegate.swift; sourceTree = "<group>"; };
		0A1650062826B60F00DE9FA6 /* Assets.xcassets */ = {isa = PBXFileReference; lastKnownFileType = folder.assetcatalog; path = Assets.xcassets; sourceTree = "<group>"; };
		0A1650092826B60F00DE9FA6 /* Base */ = {isa = PBXFileReference; lastKnownFileType = file.storyboard; name = Base; path = Base.lproj/LaunchScreen.storyboard; sourceTree = "<group>"; };
		0A16500B2826B60F00DE9FA6 /* Info.plist */ = {isa = PBXFileReference; lastKnownFileType = text.plist.xml; path = Info.plist; sourceTree = "<group>"; };
		0A1650102826B60F00DE9FA6 /* ShopZenTests.xctest */ = {isa = PBXFileReference; explicitFileType = wrapper.cfbundle; includeInIndex = 0; path = ShopZenTests.xctest; sourceTree = BUILT_PRODUCTS_DIR; };
		0A16501A2826B60F00DE9FA6 /* ShopZenUITests.xctest */ = {isa = PBXFileReference; explicitFileType = wrapper.cfbundle; includeInIndex = 0; path = ShopZenUITests.xctest; sourceTree = BUILT_PRODUCTS_DIR; };
		0A16501E2826B60F00DE9FA6 /* ShopZenUITests.swift */ = {isa = PBXFileReference; lastKnownFileType = sourcecode.swift; path = ShopZenUITests.swift; sourceTree = "<group>"; };
		0A1650202826B60F00DE9FA6 /* ShopZenUITestsLaunchTests.swift */ = {isa = PBXFileReference; lastKnownFileType = sourcecode.swift; path = ShopZenUITestsLaunchTests.swift; sourceTree = "<group>"; };
		0A1650322826BAC800DE9FA6 /* BaseViewModel.swift */ = {isa = PBXFileReference; lastKnownFileType = sourcecode.swift; path = BaseViewModel.swift; sourceTree = "<group>"; };
		0A1650342826BAD200DE9FA6 /* BaseProtocol.swift */ = {isa = PBXFileReference; lastKnownFileType = sourcecode.swift; path = BaseProtocol.swift; sourceTree = "<group>"; };
		0A1650362826BADB00DE9FA6 /* BaseViewController.swift */ = {isa = PBXFileReference; lastKnownFileType = sourcecode.swift; path = BaseViewController.swift; sourceTree = "<group>"; };
		0A1650392826BC0300DE9FA6 /* UIView+Extension.swift */ = {isa = PBXFileReference; lastKnownFileType = sourcecode.swift; path = "UIView+Extension.swift"; sourceTree = "<group>"; };
		0A16503E2826BC4200DE9FA6 /* ShopViewModel.swift */ = {isa = PBXFileReference; lastKnownFileType = sourcecode.swift; path = ShopViewModel.swift; sourceTree = "<group>"; };
		0A1650422826BC7A00DE9FA6 /* Category.swift */ = {isa = PBXFileReference; lastKnownFileType = sourcecode.swift; path = Category.swift; sourceTree = "<group>"; };
		0A1650452826BCB300DE9FA6 /* Item.swift */ = {isa = PBXFileReference; lastKnownFileType = sourcecode.swift; path = Item.swift; sourceTree = "<group>"; };
		0A1650492826BDB300DE9FA6 /* DecoderHandler.swift */ = {isa = PBXFileReference; lastKnownFileType = sourcecode.swift; path = DecoderHandler.swift; sourceTree = "<group>"; };
		0A16504B2826BE8C00DE9FA6 /* APIProviderOLD.swift */ = {isa = PBXFileReference; lastKnownFileType = sourcecode.swift; path = APIProviderOLD.swift; sourceTree = "<group>"; };
		0A16504E2826BEB500DE9FA6 /* Urls.swift */ = {isa = PBXFileReference; lastKnownFileType = sourcecode.swift; path = Urls.swift; sourceTree = "<group>"; };
		0A1650532826BF0100DE9FA6 /* ShopDelegate.swift */ = {isa = PBXFileReference; lastKnownFileType = sourcecode.swift; path = ShopDelegate.swift; sourceTree = "<group>"; };
		0A1650552826BF3300DE9FA6 /* ShopViewController.swift */ = {isa = PBXFileReference; lastKnownFileType = sourcecode.swift; path = ShopViewController.swift; sourceTree = "<group>"; };
		0A1650582826C09B00DE9FA6 /* ViewModelFactory.swift */ = {isa = PBXFileReference; lastKnownFileType = sourcecode.swift; path = ViewModelFactory.swift; sourceTree = "<group>"; };
		0A16505B2826C7E500DE9FA6 /* AppStrings.swift */ = {isa = PBXFileReference; lastKnownFileType = sourcecode.swift; path = AppStrings.swift; sourceTree = "<group>"; };
		0A16505E2826C9C200DE9FA6 /* String+Extension.swift */ = {isa = PBXFileReference; lastKnownFileType = sourcecode.swift; path = "String+Extension.swift"; sourceTree = "<group>"; };
		0A16506428281E2000DE9FA6 /* ItemCollectionViewCell.swift */ = {isa = PBXFileReference; lastKnownFileType = sourcecode.swift; path = ItemCollectionViewCell.swift; sourceTree = "<group>"; };
		0A165066282820B400DE9FA6 /* ShopViewController+UICollectionViewDataSource.swift */ = {isa = PBXFileReference; lastKnownFileType = sourcecode.swift; path = "ShopViewController+UICollectionViewDataSource.swift"; sourceTree = "<group>"; };
		0A1650682828211600DE9FA6 /* ShopViewController+UICollectionViewDelegate.swift */ = {isa = PBXFileReference; lastKnownFileType = sourcecode.swift; path = "ShopViewController+UICollectionViewDelegate.swift"; sourceTree = "<group>"; };
		0A16506D282982C200DE9FA6 /* PaddingLabel.swift */ = {isa = PBXFileReference; lastKnownFileType = sourcecode.swift; path = PaddingLabel.swift; sourceTree = "<group>"; };
		0A16506F282984E500DE9FA6 /* ItemsWithCategory.swift */ = {isa = PBXFileReference; lastKnownFileType = sourcecode.swift; path = ItemsWithCategory.swift; sourceTree = "<group>"; };
		0A1650712829A81D00DE9FA6 /* UIImageView+Extension.swift */ = {isa = PBXFileReference; lastKnownFileType = sourcecode.swift; path = "UIImageView+Extension.swift"; sourceTree = "<group>"; };
		0A165073282AD96300DE9FA6 /* URLSession+Extension.swift */ = {isa = PBXFileReference; lastKnownFileType = sourcecode.swift; path = "URLSession+Extension.swift"; sourceTree = "<group>"; };
		0A1650B7282AFB3C00DE9FA6 /* Categories.swift */ = {isa = PBXFileReference; lastKnownFileType = sourcecode.swift; path = Categories.swift; sourceTree = "<group>"; };
		0A1650B9282B191800DE9FA6 /* ImageCached.swift */ = {isa = PBXFileReference; lastKnownFileType = sourcecode.swift; path = ImageCached.swift; sourceTree = "<group>"; };
		0A5AC39E282C4588009157FA /* UIButton+Extension.swift */ = {isa = PBXFileReference; lastKnownFileType = sourcecode.swift; path = "UIButton+Extension.swift"; sourceTree = "<group>"; };
		0A5AC3A1282FCBD0009157FA /* ItemDetailViewController+Extension.swift */ = {isa = PBXFileReference; lastKnownFileType = sourcecode.swift; path = "ItemDetailViewController+Extension.swift"; sourceTree = "<group>"; };
		0A5AC3A4282FDD27009157FA /* MockAPIProvider.swift */ = {isa = PBXFileReference; lastKnownFileType = sourcecode.swift; path = MockAPIProvider.swift; sourceTree = "<group>"; };
		0A5AC3AA282FFD81009157FA /* ItemDetailViewModelTests.swift */ = {isa = PBXFileReference; lastKnownFileType = sourcecode.swift; path = ItemDetailViewModelTests.swift; sourceTree = "<group>"; };
		0A5AC3B02830C2D3009157FA /* ItemDetailsViewModelTests+Extension.swift */ = {isa = PBXFileReference; lastKnownFileType = sourcecode.swift; path = "ItemDetailsViewModelTests+Extension.swift"; sourceTree = "<group>"; };
		0A5AC3B42830C383009157FA /* ShopViewModelTests+Extension.swift */ = {isa = PBXFileReference; lastKnownFileType = sourcecode.swift; path = "ShopViewModelTests+Extension.swift"; sourceTree = "<group>"; };
		81203772282BB66500286457 /* ColorPalette.swift */ = {isa = PBXFileReference; lastKnownFileType = sourcecode.swift; path = ColorPalette.swift; sourceTree = "<group>"; };
		81203774282BF18300286457 /* DateHelper.swift */ = {isa = PBXFileReference; lastKnownFileType = sourcecode.swift; path = DateHelper.swift; sourceTree = "<group>"; };
		81203777282BF88A00286457 /* Date+Extension.swift */ = {isa = PBXFileReference; lastKnownFileType = sourcecode.swift; path = "Date+Extension.swift"; sourceTree = "<group>"; };
		81203779282C155900286457 /* ImagePalette.swift */ = {isa = PBXFileReference; lastKnownFileType = sourcecode.swift; path = ImagePalette.swift; sourceTree = "<group>"; };
		812FD566282A565300B14575 /* APIError.swift */ = {isa = PBXFileReference; lastKnownFileType = sourcecode.swift; path = APIError.swift; sourceTree = "<group>"; };
		812FD569282A5AA100B14575 /* ZenLog.swift */ = {isa = PBXFileReference; lastKnownFileType = sourcecode.swift; path = ZenLog.swift; sourceTree = "<group>"; };
		812FD56B282A5FFC00B14575 /* Extension+NetworkService.swift */ = {isa = PBXFileReference; lastKnownFileType = sourcecode.swift; path = "Extension+NetworkService.swift"; sourceTree = "<group>"; };
		812FD56F282A935500B14575 /* APIProvider.swift */ = {isa = PBXFileReference; lastKnownFileType = sourcecode.swift; path = APIProvider.swift; sourceTree = "<group>"; };
		812FD575282A9EB300B14575 /* ItemDetailViewModel.swift */ = {isa = PBXFileReference; lastKnownFileType = sourcecode.swift; path = ItemDetailViewModel.swift; sourceTree = "<group>"; };
		812FD578282A9EDD00B14575 /* ItemDetailViewController.swift */ = {isa = PBXFileReference; lastKnownFileType = sourcecode.swift; path = ItemDetailViewController.swift; sourceTree = "<group>"; };
		812FD57A282A9F0100B14575 /* ItemDetailDelegate.swift */ = {isa = PBXFileReference; lastKnownFileType = sourcecode.swift; path = ItemDetailDelegate.swift; sourceTree = "<group>"; };
		812FD57C282AA03500B14575 /* ShopViewController+UICollectionViewDelegateFlowLayout.swift */ = {isa = PBXFileReference; lastKnownFileType = sourcecode.swift; path = "ShopViewController+UICollectionViewDelegateFlowLayout.swift"; sourceTree = "<group>"; };
		8135F9FA282E541A00D3A22C /* ShopViewModelTests.swift */ = {isa = PBXFileReference; lastKnownFileType = sourcecode.swift; path = ShopViewModelTests.swift; sourceTree = "<group>"; };
		8135F9FE282E8BE700D3A22C /* ShopViewController+Extension.swift */ = {isa = PBXFileReference; lastKnownFileType = sourcecode.swift; path = "ShopViewController+Extension.swift"; sourceTree = "<group>"; };
		8135FA00282EAE3B00D3A22C /* UIViewController+Extension.swift */ = {isa = PBXFileReference; lastKnownFileType = sourcecode.swift; path = "UIViewController+Extension.swift"; sourceTree = "<group>"; };
		819233F0282ABEC500A6BEA7 /* APIClient.swift */ = {isa = PBXFileReference; lastKnownFileType = sourcecode.swift; path = APIClient.swift; sourceTree = "<group>"; };
		819233F2282AC43F00A6BEA7 /* APIProvider+Extenstion.swift */ = {isa = PBXFileReference; lastKnownFileType = sourcecode.swift; path = "APIProvider+Extenstion.swift"; sourceTree = "<group>"; };
		81BD2C96282D637300E5FEDC /* UIBarButtonItem+Extension.swift */ = {isa = PBXFileReference; lastKnownFileType = sourcecode.swift; path = "UIBarButtonItem+Extension.swift"; sourceTree = "<group>"; };
/* End PBXFileReference section */

/* Begin PBXFrameworksBuildPhase section */
		0A164FF72826B60E00DE9FA6 /* Frameworks */ = {
			isa = PBXFrameworksBuildPhase;
			buildActionMask = 2147483647;
			files = (
			);
			runOnlyForDeploymentPostprocessing = 0;
		};
		0A16500D2826B60F00DE9FA6 /* Frameworks */ = {
			isa = PBXFrameworksBuildPhase;
			buildActionMask = 2147483647;
			files = (
			);
			runOnlyForDeploymentPostprocessing = 0;
		};
		0A1650172826B60F00DE9FA6 /* Frameworks */ = {
			isa = PBXFrameworksBuildPhase;
			buildActionMask = 2147483647;
			files = (
			);
			runOnlyForDeploymentPostprocessing = 0;
		};
/* End PBXFrameworksBuildPhase section */

/* Begin PBXGroup section */
		0A164FF12826B60E00DE9FA6 = {
			isa = PBXGroup;
			children = (
				0A164FFC2826B60E00DE9FA6 /* ShopZen */,
				0A1650132826B60F00DE9FA6 /* ShopZenTests */,
				0A16501D2826B60F00DE9FA6 /* ShopZenUITests */,
				0A164FFB2826B60E00DE9FA6 /* Products */,
			);
			sourceTree = "<group>";
		};
		0A164FFB2826B60E00DE9FA6 /* Products */ = {
			isa = PBXGroup;
			children = (
				0A164FFA2826B60E00DE9FA6 /* ShopZen.app */,
				0A1650102826B60F00DE9FA6 /* ShopZenTests.xctest */,
				0A16501A2826B60F00DE9FA6 /* ShopZenUITests.xctest */,
			);
			name = Products;
			sourceTree = "<group>";
		};
		0A164FFC2826B60E00DE9FA6 /* ShopZen */ = {
			isa = PBXGroup;
			children = (
				0A1650302826BAB100DE9FA6 /* toolbox */,
				0A16502E2826BA8F00DE9FA6 /* ui */,
				0A16502D2826BA8800DE9FA6 /* di */,
				0A164FFD2826B60E00DE9FA6 /* AppDelegate.swift */,
				0A164FFF2826B60E00DE9FA6 /* SceneDelegate.swift */,
				0A1650062826B60F00DE9FA6 /* Assets.xcassets */,
				0A1650082826B60F00DE9FA6 /* LaunchScreen.storyboard */,
				0A16500B2826B60F00DE9FA6 /* Info.plist */,
			);
			path = ShopZen;
			sourceTree = "<group>";
		};
		0A1650132826B60F00DE9FA6 /* ShopZenTests */ = {
			isa = PBXGroup;
			children = (
				8135F9FD282E542700D3A22C /* objects */,
				8135F9FC282E541F00D3A22C /* viewModel */,
			);
			path = ShopZenTests;
			sourceTree = "<group>";
		};
		0A16501D2826B60F00DE9FA6 /* ShopZenUITests */ = {
			isa = PBXGroup;
			children = (
				0A16501E2826B60F00DE9FA6 /* ShopZenUITests.swift */,
				0A1650202826B60F00DE9FA6 /* ShopZenUITestsLaunchTests.swift */,
			);
			path = ShopZenUITests;
			sourceTree = "<group>";
		};
		0A16502D2826BA8800DE9FA6 /* di */ = {
			isa = PBXGroup;
			children = (
				0A16503C2826BC2100DE9FA6 /* model */,
				0A16504D2826BEAE00DE9FA6 /* security */,
				0A1650482826BDA500DE9FA6 /* decoder */,
				0A1650472826BD9F00DE9FA6 /* network */,
			);
			path = di;
			sourceTree = "<group>";
		};
		0A16502E2826BA8F00DE9FA6 /* ui */ = {
			isa = PBXGroup;
			children = (
				812FD571282A9E9400B14575 /* itemDetailFeature */,
				0A16502F2826BA9800DE9FA6 /* shopFeature */,
			);
			path = ui;
			sourceTree = "<group>";
		};
		0A16502F2826BA9800DE9FA6 /* shopFeature */ = {
			isa = PBXGroup;
			children = (
				0A1650522826BEF700DE9FA6 /* delegate */,
				0A16503D2826BC2500DE9FA6 /* viewModel */,
				0A16503B2826BC1B00DE9FA6 /* view */,
			);
			path = shopFeature;
			sourceTree = "<group>";
		};
		0A1650302826BAB100DE9FA6 /* toolbox */ = {
			isa = PBXGroup;
			children = (
				81203776282BF19A00286457 /* helper */,
				812FD568282A5A9C00B14575 /* logs */,
				0A16506C282982B900DE9FA6 /* ui */,
				0A16505D2826C9A700DE9FA6 /* extension */,
				0A1650312826BABE00DE9FA6 /* mvvm */,
			);
			path = toolbox;
			sourceTree = "<group>";
		};
		0A1650312826BABE00DE9FA6 /* mvvm */ = {
			isa = PBXGroup;
			children = (
				0A1650582826C09B00DE9FA6 /* ViewModelFactory.swift */,
				0A1650322826BAC800DE9FA6 /* BaseViewModel.swift */,
				0A1650342826BAD200DE9FA6 /* BaseProtocol.swift */,
				0A1650362826BADB00DE9FA6 /* BaseViewController.swift */,
			);
			path = mvvm;
			sourceTree = "<group>";
		};
		0A16503B2826BC1B00DE9FA6 /* view */ = {
			isa = PBXGroup;
			children = (
				812FD577282A9EC100B14575 /* extension */,
				0A16506328281E1200DE9FA6 /* collectionView */,
				0A1650552826BF3300DE9FA6 /* ShopViewController.swift */,
			);
			path = view;
			sourceTree = "<group>";
		};
		0A16503C2826BC2100DE9FA6 /* model */ = {
			isa = PBXGroup;
			children = (
				0A1650422826BC7A00DE9FA6 /* Category.swift */,
				0A1650452826BCB300DE9FA6 /* Item.swift */,
				0A16506F282984E500DE9FA6 /* ItemsWithCategory.swift */,
				0A1650B7282AFB3C00DE9FA6 /* Categories.swift */,
			);
			path = model;
			sourceTree = "<group>";
		};
		0A16503D2826BC2500DE9FA6 /* viewModel */ = {
			isa = PBXGroup;
			children = (
				0A16503E2826BC4200DE9FA6 /* ShopViewModel.swift */,
			);
			path = viewModel;
			sourceTree = "<group>";
		};
		0A1650472826BD9F00DE9FA6 /* network */ = {
			isa = PBXGroup;
			children = (
				0A5AC3A3282FD365009157FA /* old */,
				812FD566282A565300B14575 /* APIError.swift */,
				812FD56F282A935500B14575 /* APIProvider.swift */,
				819233F0282ABEC500A6BEA7 /* APIClient.swift */,
				819233F2282AC43F00A6BEA7 /* APIProvider+Extenstion.swift */,
			);
			path = network;
			sourceTree = "<group>";
		};
		0A1650482826BDA500DE9FA6 /* decoder */ = {
			isa = PBXGroup;
			children = (
				0A1650492826BDB300DE9FA6 /* DecoderHandler.swift */,
			);
			path = decoder;
			sourceTree = "<group>";
		};
		0A16504D2826BEAE00DE9FA6 /* security */ = {
			isa = PBXGroup;
			children = (
				0A16504E2826BEB500DE9FA6 /* Urls.swift */,
				0A16505B2826C7E500DE9FA6 /* AppStrings.swift */,
			);
			path = security;
			sourceTree = "<group>";
		};
		0A1650522826BEF700DE9FA6 /* delegate */ = {
			isa = PBXGroup;
			children = (
				0A1650532826BF0100DE9FA6 /* ShopDelegate.swift */,
			);
			path = delegate;
			sourceTree = "<group>";
		};
		0A16505D2826C9A700DE9FA6 /* extension */ = {
			isa = PBXGroup;
			children = (
				0A1650392826BC0300DE9FA6 /* UIView+Extension.swift */,
				0A16505E2826C9C200DE9FA6 /* String+Extension.swift */,
				0A1650712829A81D00DE9FA6 /* UIImageView+Extension.swift */,
				0A165073282AD96300DE9FA6 /* URLSession+Extension.swift */,
				81203777282BF88A00286457 /* Date+Extension.swift */,
				0A5AC39E282C4588009157FA /* UIButton+Extension.swift */,
				81BD2C96282D637300E5FEDC /* UIBarButtonItem+Extension.swift */,
				8135FA00282EAE3B00D3A22C /* UIViewController+Extension.swift */,
			);
			path = extension;
			sourceTree = "<group>";
		};
		0A16506328281E1200DE9FA6 /* collectionView */ = {
			isa = PBXGroup;
			children = (
				0A16506428281E2000DE9FA6 /* ItemCollectionViewCell.swift */,
			);
			path = collectionView;
			sourceTree = "<group>";
		};
		0A16506C282982B900DE9FA6 /* ui */ = {
			isa = PBXGroup;
			children = (
				0A16506D282982C200DE9FA6 /* PaddingLabel.swift */,
				0A1650B9282B191800DE9FA6 /* ImageCached.swift */,
				81203772282BB66500286457 /* ColorPalette.swift */,
				81203779282C155900286457 /* ImagePalette.swift */,
			);
			path = ui;
			sourceTree = "<group>";
		};
		0A5AC3A0282FCBC0009157FA /* extension */ = {
			isa = PBXGroup;
			children = (
				0A5AC3A1282FCBD0009157FA /* ItemDetailViewController+Extension.swift */,
			);
			path = extension;
			sourceTree = "<group>";
		};
		0A5AC3A3282FD365009157FA /* old */ = {
			isa = PBXGroup;
			children = (
				812FD56B282A5FFC00B14575 /* Extension+NetworkService.swift */,
				0A16504B2826BE8C00DE9FA6 /* APIProviderOLD.swift */,
			);
			path = old;
			sourceTree = "<group>";
		};
		0A5AC3A8282FFD58009157FA /* shopFeature */ = {
			isa = PBXGroup;
			children = (
				0A5AC3B32830C370009157FA /* mock */,
				0A5AC3B22830C36C009157FA /* extension */,
				8135F9FA282E541A00D3A22C /* ShopViewModelTests.swift */,
			);
			path = shopFeature;
			sourceTree = "<group>";
		};
		0A5AC3A9282FFD6C009157FA /* itemDetailFeature */ = {
			isa = PBXGroup;
			children = (
				0A5AC3AF2830C2C4009157FA /* extenstion */,
				0A5AC3AA282FFD81009157FA /* ItemDetailViewModelTests.swift */,
			);
			path = itemDetailFeature;
			sourceTree = "<group>";
		};
		0A5AC3AF2830C2C4009157FA /* extenstion */ = {
			isa = PBXGroup;
			children = (
				0A5AC3B02830C2D3009157FA /* ItemDetailsViewModelTests+Extension.swift */,
			);
			path = extenstion;
			sourceTree = "<group>";
		};
		0A5AC3B22830C36C009157FA /* extension */ = {
			isa = PBXGroup;
			children = (
				0A5AC3B42830C383009157FA /* ShopViewModelTests+Extension.swift */,
			);
			path = extension;
			sourceTree = "<group>";
		};
		0A5AC3B32830C370009157FA /* mock */ = {
			isa = PBXGroup;
			children = (
				0A5AC3A4282FDD27009157FA /* MockAPIProvider.swift */,
			);
			path = mock;
			sourceTree = "<group>";
		};
		81203776282BF19A00286457 /* helper */ = {
			isa = PBXGroup;
			children = (
				81203774282BF18300286457 /* DateHelper.swift */,
			);
			path = helper;
			sourceTree = "<group>";
		};
		812FD568282A5A9C00B14575 /* logs */ = {
			isa = PBXGroup;
			children = (
				812FD569282A5AA100B14575 /* ZenLog.swift */,
			);
			path = logs;
			sourceTree = "<group>";
		};
		812FD571282A9E9400B14575 /* itemDetailFeature */ = {
			isa = PBXGroup;
			children = (
				812FD574282A9EA500B14575 /* viewModel */,
				812FD573282A9EA100B14575 /* view */,
				812FD572282A9E9D00B14575 /* delegate */,
			);
			path = itemDetailFeature;
			sourceTree = "<group>";
		};
		812FD572282A9E9D00B14575 /* delegate */ = {
			isa = PBXGroup;
			children = (
				812FD57A282A9F0100B14575 /* ItemDetailDelegate.swift */,
			);
			path = delegate;
			sourceTree = "<group>";
		};
		812FD573282A9EA100B14575 /* view */ = {
			isa = PBXGroup;
			children = (
				0A5AC3A0282FCBC0009157FA /* extension */,
				812FD578282A9EDD00B14575 /* ItemDetailViewController.swift */,
			);
			path = view;
			sourceTree = "<group>";
		};
		812FD574282A9EA500B14575 /* viewModel */ = {
			isa = PBXGroup;
			children = (
				812FD575282A9EB300B14575 /* ItemDetailViewModel.swift */,
			);
			path = viewModel;
			sourceTree = "<group>";
		};
		812FD577282A9EC100B14575 /* extension */ = {
			isa = PBXGroup;
			children = (
				0A165066282820B400DE9FA6 /* ShopViewController+UICollectionViewDataSource.swift */,
				0A1650682828211600DE9FA6 /* ShopViewController+UICollectionViewDelegate.swift */,
				812FD57C282AA03500B14575 /* ShopViewController+UICollectionViewDelegateFlowLayout.swift */,
				8135F9FE282E8BE700D3A22C /* ShopViewController+Extension.swift */,
			);
			path = extension;
			sourceTree = "<group>";
		};
		8135F9FC282E541F00D3A22C /* viewModel */ = {
			isa = PBXGroup;
			children = (
				0A5AC3A9282FFD6C009157FA /* itemDetailFeature */,
				0A5AC3A8282FFD58009157FA /* shopFeature */,
			);
			path = viewModel;
			sourceTree = "<group>";
		};
		8135F9FD282E542700D3A22C /* objects */ = {
			isa = PBXGroup;
			children = (
			);
			path = objects;
			sourceTree = "<group>";
		};
/* End PBXGroup section */

/* Begin PBXNativeTarget section */
		0A164FF92826B60E00DE9FA6 /* ShopZen */ = {
			isa = PBXNativeTarget;
			buildConfigurationList = 0A1650242826B60F00DE9FA6 /* Build configuration list for PBXNativeTarget "ShopZen" */;
			buildPhases = (
				0A164FF62826B60E00DE9FA6 /* Sources */,
				0A164FF72826B60E00DE9FA6 /* Frameworks */,
				0A164FF82826B60E00DE9FA6 /* Resources */,
			);
			buildRules = (
			);
			dependencies = (
			);
			name = ShopZen;
			productName = ShopZen;
			productReference = 0A164FFA2826B60E00DE9FA6 /* ShopZen.app */;
			productType = "com.apple.product-type.application";
		};
		0A16500F2826B60F00DE9FA6 /* ShopZenTests */ = {
			isa = PBXNativeTarget;
			buildConfigurationList = 0A1650272826B60F00DE9FA6 /* Build configuration list for PBXNativeTarget "ShopZenTests" */;
			buildPhases = (
				0A16500C2826B60F00DE9FA6 /* Sources */,
				0A16500D2826B60F00DE9FA6 /* Frameworks */,
				0A16500E2826B60F00DE9FA6 /* Resources */,
			);
			buildRules = (
			);
			dependencies = (
				0A1650122826B60F00DE9FA6 /* PBXTargetDependency */,
			);
			name = ShopZenTests;
			productName = ShopZenTests;
			productReference = 0A1650102826B60F00DE9FA6 /* ShopZenTests.xctest */;
			productType = "com.apple.product-type.bundle.unit-test";
		};
		0A1650192826B60F00DE9FA6 /* ShopZenUITests */ = {
			isa = PBXNativeTarget;
			buildConfigurationList = 0A16502A2826B60F00DE9FA6 /* Build configuration list for PBXNativeTarget "ShopZenUITests" */;
			buildPhases = (
				0A1650162826B60F00DE9FA6 /* Sources */,
				0A1650172826B60F00DE9FA6 /* Frameworks */,
				0A1650182826B60F00DE9FA6 /* Resources */,
			);
			buildRules = (
			);
			dependencies = (
				0A16501C2826B60F00DE9FA6 /* PBXTargetDependency */,
			);
			name = ShopZenUITests;
			productName = ShopZenUITests;
			productReference = 0A16501A2826B60F00DE9FA6 /* ShopZenUITests.xctest */;
			productType = "com.apple.product-type.bundle.ui-testing";
		};
/* End PBXNativeTarget section */

/* Begin PBXProject section */
		0A164FF22826B60E00DE9FA6 /* Project object */ = {
			isa = PBXProject;
			attributes = {
				BuildIndependentTargetsInParallel = 1;
				LastSwiftUpdateCheck = 1330;
				LastUpgradeCheck = 1330;
				TargetAttributes = {
					0A164FF92826B60E00DE9FA6 = {
						CreatedOnToolsVersion = 13.3.1;
					};
					0A16500F2826B60F00DE9FA6 = {
						CreatedOnToolsVersion = 13.3.1;
						TestTargetID = 0A164FF92826B60E00DE9FA6;
					};
					0A1650192826B60F00DE9FA6 = {
						CreatedOnToolsVersion = 13.3.1;
						TestTargetID = 0A164FF92826B60E00DE9FA6;
					};
				};
			};
			buildConfigurationList = 0A164FF52826B60E00DE9FA6 /* Build configuration list for PBXProject "ShopZen" */;
			compatibilityVersion = "Xcode 13.0";
			developmentRegion = en;
			hasScannedForEncodings = 0;
			knownRegions = (
				en,
				Base,
			);
			mainGroup = 0A164FF12826B60E00DE9FA6;
			productRefGroup = 0A164FFB2826B60E00DE9FA6 /* Products */;
			projectDirPath = "";
			projectRoot = "";
			targets = (
				0A164FF92826B60E00DE9FA6 /* ShopZen */,
				0A16500F2826B60F00DE9FA6 /* ShopZenTests */,
				0A1650192826B60F00DE9FA6 /* ShopZenUITests */,
			);
		};
/* End PBXProject section */

/* Begin PBXResourcesBuildPhase section */
		0A164FF82826B60E00DE9FA6 /* Resources */ = {
			isa = PBXResourcesBuildPhase;
			buildActionMask = 2147483647;
			files = (
				0A16500A2826B60F00DE9FA6 /* LaunchScreen.storyboard in Resources */,
				0A1650072826B60F00DE9FA6 /* Assets.xcassets in Resources */,
			);
			runOnlyForDeploymentPostprocessing = 0;
		};
		0A16500E2826B60F00DE9FA6 /* Resources */ = {
			isa = PBXResourcesBuildPhase;
			buildActionMask = 2147483647;
			files = (
			);
			runOnlyForDeploymentPostprocessing = 0;
		};
		0A1650182826B60F00DE9FA6 /* Resources */ = {
			isa = PBXResourcesBuildPhase;
			buildActionMask = 2147483647;
			files = (
			);
			runOnlyForDeploymentPostprocessing = 0;
		};
/* End PBXResourcesBuildPhase section */

/* Begin PBXSourcesBuildPhase section */
		0A164FF62826B60E00DE9FA6 /* Sources */ = {
			isa = PBXSourcesBuildPhase;
			buildActionMask = 2147483647;
			files = (
				812FD57D282AA03500B14575 /* ShopViewController+UICollectionViewDelegateFlowLayout.swift in Sources */,
				8120377A282C155900286457 /* ImagePalette.swift in Sources */,
				0A16503A2826BC0300DE9FA6 /* UIView+Extension.swift in Sources */,
				812FD56A282A5AA100B14575 /* ZenLog.swift in Sources */,
				0A165070282984E500DE9FA6 /* ItemsWithCategory.swift in Sources */,
				0A1650722829A81D00DE9FA6 /* UIImageView+Extension.swift in Sources */,
				0A1650592826C09B00DE9FA6 /* ViewModelFactory.swift in Sources */,
				0A1650542826BF0100DE9FA6 /* ShopDelegate.swift in Sources */,
				0A16505F2826C9C200DE9FA6 /* String+Extension.swift in Sources */,
				0A5AC3A2282FCBD0009157FA /* ItemDetailViewController+Extension.swift in Sources */,
				819233F1282ABEC500A6BEA7 /* APIClient.swift in Sources */,
				8135F9FF282E8BE700D3A22C /* ShopViewController+Extension.swift in Sources */,
				0A1650432826BC7A00DE9FA6 /* Category.swift in Sources */,
				81203778282BF88A00286457 /* Date+Extension.swift in Sources */,
				0A16506528281E2000DE9FA6 /* ItemCollectionViewCell.swift in Sources */,
				812FD576282A9EB300B14575 /* ItemDetailViewModel.swift in Sources */,
				0A1650332826BAC800DE9FA6 /* BaseViewModel.swift in Sources */,
				81BD2C97282D637300E5FEDC /* UIBarButtonItem+Extension.swift in Sources */,
				0A164FFE2826B60E00DE9FA6 /* AppDelegate.swift in Sources */,
				8135FA01282EAE3B00D3A22C /* UIViewController+Extension.swift in Sources */,
				812FD570282A935500B14575 /* APIProvider.swift in Sources */,
				812FD56C282A5FFC00B14575 /* Extension+NetworkService.swift in Sources */,
				0A1650462826BCB300DE9FA6 /* Item.swift in Sources */,
				0A16506E282982C200DE9FA6 /* PaddingLabel.swift in Sources */,
				0A165067282820B400DE9FA6 /* ShopViewController+UICollectionViewDataSource.swift in Sources */,
				0A1650BA282B191900DE9FA6 /* ImageCached.swift in Sources */,
				0A5AC39F282C4588009157FA /* UIButton+Extension.swift in Sources */,
				0A16504A2826BDB300DE9FA6 /* DecoderHandler.swift in Sources */,
				0A16503F2826BC4200DE9FA6 /* ShopViewModel.swift in Sources */,
				819233F3282AC43F00A6BEA7 /* APIProvider+Extenstion.swift in Sources */,
				812FD57B282A9F0100B14575 /* ItemDetailDelegate.swift in Sources */,
				0A16504F2826BEB500DE9FA6 /* Urls.swift in Sources */,
				0A1650352826BAD200DE9FA6 /* BaseProtocol.swift in Sources */,
				0A1650692828211600DE9FA6 /* ShopViewController+UICollectionViewDelegate.swift in Sources */,
				0A1650562826BF3300DE9FA6 /* ShopViewController.swift in Sources */,
				812FD579282A9EDD00B14575 /* ItemDetailViewController.swift in Sources */,
				0A1650002826B60E00DE9FA6 /* SceneDelegate.swift in Sources */,
				0A16505C2826C7E500DE9FA6 /* AppStrings.swift in Sources */,
				0A165074282AD96300DE9FA6 /* URLSession+Extension.swift in Sources */,
				81203775282BF18300286457 /* DateHelper.swift in Sources */,
				81203773282BB66500286457 /* ColorPalette.swift in Sources */,
				0A16504C2826BE8C00DE9FA6 /* APIProviderOLD.swift in Sources */,
				0A1650372826BADB00DE9FA6 /* BaseViewController.swift in Sources */,
				812FD567282A565300B14575 /* APIError.swift in Sources */,
				0A1650B8282AFB3C00DE9FA6 /* Categories.swift in Sources */,
			);
			runOnlyForDeploymentPostprocessing = 0;
		};
		0A16500C2826B60F00DE9FA6 /* Sources */ = {
			isa = PBXSourcesBuildPhase;
			buildActionMask = 2147483647;
			files = (
				0A5AC3B12830C2D3009157FA /* ItemDetailsViewModelTests+Extension.swift in Sources */,
				0A5AC3AB282FFD81009157FA /* ItemDetailViewModelTests.swift in Sources */,
				0A5AC3B52830C383009157FA /* ShopViewModelTests+Extension.swift in Sources */,
				8135F9FB282E541A00D3A22C /* ShopViewModelTests.swift in Sources */,
				0A5AC3A5282FDD27009157FA /* MockAPIProvider.swift in Sources */,
			);
			runOnlyForDeploymentPostprocessing = 0;
		};
		0A1650162826B60F00DE9FA6 /* Sources */ = {
			isa = PBXSourcesBuildPhase;
			buildActionMask = 2147483647;
			files = (
				0A1650212826B60F00DE9FA6 /* ShopZenUITestsLaunchTests.swift in Sources */,
				0A16501F2826B60F00DE9FA6 /* ShopZenUITests.swift in Sources */,
			);
			runOnlyForDeploymentPostprocessing = 0;
		};
/* End PBXSourcesBuildPhase section */

/* Begin PBXTargetDependency section */
		0A1650122826B60F00DE9FA6 /* PBXTargetDependency */ = {
			isa = PBXTargetDependency;
			target = 0A164FF92826B60E00DE9FA6 /* ShopZen */;
			targetProxy = 0A1650112826B60F00DE9FA6 /* PBXContainerItemProxy */;
		};
		0A16501C2826B60F00DE9FA6 /* PBXTargetDependency */ = {
			isa = PBXTargetDependency;
			target = 0A164FF92826B60E00DE9FA6 /* ShopZen */;
			targetProxy = 0A16501B2826B60F00DE9FA6 /* PBXContainerItemProxy */;
		};
/* End PBXTargetDependency section */

/* Begin PBXVariantGroup section */
		0A1650082826B60F00DE9FA6 /* LaunchScreen.storyboard */ = {
			isa = PBXVariantGroup;
			children = (
				0A1650092826B60F00DE9FA6 /* Base */,
			);
			name = LaunchScreen.storyboard;
			sourceTree = "<group>";
		};
/* End PBXVariantGroup section */

/* Begin XCBuildConfiguration section */
		0A1650222826B60F00DE9FA6 /* Debug */ = {
			isa = XCBuildConfiguration;
			buildSettings = {
				ALWAYS_SEARCH_USER_PATHS = NO;
				CLANG_ANALYZER_NONNULL = YES;
				CLANG_ANALYZER_NUMBER_OBJECT_CONVERSION = YES_AGGRESSIVE;
				CLANG_CXX_LANGUAGE_STANDARD = "gnu++17";
				CLANG_ENABLE_MODULES = YES;
				CLANG_ENABLE_OBJC_ARC = YES;
				CLANG_ENABLE_OBJC_WEAK = YES;
				CLANG_WARN_BLOCK_CAPTURE_AUTORELEASING = YES;
				CLANG_WARN_BOOL_CONVERSION = YES;
				CLANG_WARN_COMMA = YES;
				CLANG_WARN_CONSTANT_CONVERSION = YES;
				CLANG_WARN_DEPRECATED_OBJC_IMPLEMENTATIONS = YES;
				CLANG_WARN_DIRECT_OBJC_ISA_USAGE = YES_ERROR;
				CLANG_WARN_DOCUMENTATION_COMMENTS = YES;
				CLANG_WARN_EMPTY_BODY = YES;
				CLANG_WARN_ENUM_CONVERSION = YES;
				CLANG_WARN_INFINITE_RECURSION = YES;
				CLANG_WARN_INT_CONVERSION = YES;
				CLANG_WARN_NON_LITERAL_NULL_CONVERSION = YES;
				CLANG_WARN_OBJC_IMPLICIT_RETAIN_SELF = YES;
				CLANG_WARN_OBJC_LITERAL_CONVERSION = YES;
				CLANG_WARN_OBJC_ROOT_CLASS = YES_ERROR;
				CLANG_WARN_QUOTED_INCLUDE_IN_FRAMEWORK_HEADER = YES;
				CLANG_WARN_RANGE_LOOP_ANALYSIS = YES;
				CLANG_WARN_STRICT_PROTOTYPES = YES;
				CLANG_WARN_SUSPICIOUS_MOVE = YES;
				CLANG_WARN_UNGUARDED_AVAILABILITY = YES_AGGRESSIVE;
				CLANG_WARN_UNREACHABLE_CODE = YES;
				CLANG_WARN__DUPLICATE_METHOD_MATCH = YES;
				COPY_PHASE_STRIP = NO;
				DEBUG_INFORMATION_FORMAT = dwarf;
				ENABLE_STRICT_OBJC_MSGSEND = YES;
				ENABLE_TESTABILITY = YES;
				GCC_C_LANGUAGE_STANDARD = gnu11;
				GCC_DYNAMIC_NO_PIC = NO;
				GCC_NO_COMMON_BLOCKS = YES;
				GCC_OPTIMIZATION_LEVEL = 0;
				GCC_PREPROCESSOR_DEFINITIONS = (
					"DEBUG=1",
					"$(inherited)",
				);
				GCC_WARN_64_TO_32_BIT_CONVERSION = YES;
				GCC_WARN_ABOUT_RETURN_TYPE = YES_ERROR;
				GCC_WARN_UNDECLARED_SELECTOR = YES;
				GCC_WARN_UNINITIALIZED_AUTOS = YES_AGGRESSIVE;
				GCC_WARN_UNUSED_FUNCTION = YES;
				GCC_WARN_UNUSED_VARIABLE = YES;
				IPHONEOS_DEPLOYMENT_TARGET = 15.4;
				MTL_ENABLE_DEBUG_INFO = INCLUDE_SOURCE;
				MTL_FAST_MATH = YES;
				ONLY_ACTIVE_ARCH = YES;
				SDKROOT = iphoneos;
				SWIFT_ACTIVE_COMPILATION_CONDITIONS = DEBUG;
				SWIFT_OPTIMIZATION_LEVEL = "-Onone";
			};
			name = Debug;
		};
		0A1650232826B60F00DE9FA6 /* Release */ = {
			isa = XCBuildConfiguration;
			buildSettings = {
				ALWAYS_SEARCH_USER_PATHS = NO;
				CLANG_ANALYZER_NONNULL = YES;
				CLANG_ANALYZER_NUMBER_OBJECT_CONVERSION = YES_AGGRESSIVE;
				CLANG_CXX_LANGUAGE_STANDARD = "gnu++17";
				CLANG_ENABLE_MODULES = YES;
				CLANG_ENABLE_OBJC_ARC = YES;
				CLANG_ENABLE_OBJC_WEAK = YES;
				CLANG_WARN_BLOCK_CAPTURE_AUTORELEASING = YES;
				CLANG_WARN_BOOL_CONVERSION = YES;
				CLANG_WARN_COMMA = YES;
				CLANG_WARN_CONSTANT_CONVERSION = YES;
				CLANG_WARN_DEPRECATED_OBJC_IMPLEMENTATIONS = YES;
				CLANG_WARN_DIRECT_OBJC_ISA_USAGE = YES_ERROR;
				CLANG_WARN_DOCUMENTATION_COMMENTS = YES;
				CLANG_WARN_EMPTY_BODY = YES;
				CLANG_WARN_ENUM_CONVERSION = YES;
				CLANG_WARN_INFINITE_RECURSION = YES;
				CLANG_WARN_INT_CONVERSION = YES;
				CLANG_WARN_NON_LITERAL_NULL_CONVERSION = YES;
				CLANG_WARN_OBJC_IMPLICIT_RETAIN_SELF = YES;
				CLANG_WARN_OBJC_LITERAL_CONVERSION = YES;
				CLANG_WARN_OBJC_ROOT_CLASS = YES_ERROR;
				CLANG_WARN_QUOTED_INCLUDE_IN_FRAMEWORK_HEADER = YES;
				CLANG_WARN_RANGE_LOOP_ANALYSIS = YES;
				CLANG_WARN_STRICT_PROTOTYPES = YES;
				CLANG_WARN_SUSPICIOUS_MOVE = YES;
				CLANG_WARN_UNGUARDED_AVAILABILITY = YES_AGGRESSIVE;
				CLANG_WARN_UNREACHABLE_CODE = YES;
				CLANG_WARN__DUPLICATE_METHOD_MATCH = YES;
				COPY_PHASE_STRIP = NO;
				DEBUG_INFORMATION_FORMAT = "dwarf-with-dsym";
				ENABLE_NS_ASSERTIONS = NO;
				ENABLE_STRICT_OBJC_MSGSEND = YES;
				GCC_C_LANGUAGE_STANDARD = gnu11;
				GCC_NO_COMMON_BLOCKS = YES;
				GCC_WARN_64_TO_32_BIT_CONVERSION = YES;
				GCC_WARN_ABOUT_RETURN_TYPE = YES_ERROR;
				GCC_WARN_UNDECLARED_SELECTOR = YES;
				GCC_WARN_UNINITIALIZED_AUTOS = YES_AGGRESSIVE;
				GCC_WARN_UNUSED_FUNCTION = YES;
				GCC_WARN_UNUSED_VARIABLE = YES;
				IPHONEOS_DEPLOYMENT_TARGET = 15.4;
				MTL_ENABLE_DEBUG_INFO = NO;
				MTL_FAST_MATH = YES;
				SDKROOT = iphoneos;
				SWIFT_COMPILATION_MODE = wholemodule;
				SWIFT_OPTIMIZATION_LEVEL = "-O";
				VALIDATE_PRODUCT = YES;
			};
			name = Release;
		};
		0A1650252826B60F00DE9FA6 /* Debug */ = {
			isa = XCBuildConfiguration;
			buildSettings = {
				ASSETCATALOG_COMPILER_APPICON_NAME = AppIcon;
				ASSETCATALOG_COMPILER_GLOBAL_ACCENT_COLOR_NAME = AccentColor;
				CODE_SIGN_STYLE = Automatic;
				CURRENT_PROJECT_VERSION = 1;
				DEVELOPMENT_TEAM = 2RR9JPAV9C;
				GENERATE_INFOPLIST_FILE = YES;
				INFOPLIST_FILE = ShopZen/Info.plist;
				INFOPLIST_KEY_UIApplicationSupportsIndirectInputEvents = YES;
				INFOPLIST_KEY_UILaunchStoryboardName = LaunchScreen;
				INFOPLIST_KEY_UISupportedInterfaceOrientations_iPad = "UIInterfaceOrientationPortrait UIInterfaceOrientationPortraitUpsideDown UIInterfaceOrientationLandscapeLeft UIInterfaceOrientationLandscapeRight";
				INFOPLIST_KEY_UISupportedInterfaceOrientations_iPhone = "UIInterfaceOrientationPortrait UIInterfaceOrientationLandscapeLeft UIInterfaceOrientationLandscapeRight";
				IPHONEOS_DEPLOYMENT_TARGET = 14.0;
				LD_RUNPATH_SEARCH_PATHS = (
					"$(inherited)",
					"@executable_path/Frameworks",
				);
				MARKETING_VERSION = 1.0;
				PRODUCT_BUNDLE_IDENTIFIER = com.kevingiacomino.ShopZen;
				PRODUCT_NAME = "$(TARGET_NAME)";
				SWIFT_EMIT_LOC_STRINGS = YES;
				SWIFT_VERSION = 5.0;
				TARGETED_DEVICE_FAMILY = "1,2";
			};
			name = Debug;
		};
		0A1650262826B60F00DE9FA6 /* Release */ = {
			isa = XCBuildConfiguration;
			buildSettings = {
				ASSETCATALOG_COMPILER_APPICON_NAME = AppIcon;
				ASSETCATALOG_COMPILER_GLOBAL_ACCENT_COLOR_NAME = AccentColor;
				CODE_SIGN_STYLE = Automatic;
				CURRENT_PROJECT_VERSION = 1;
				DEVELOPMENT_TEAM = 2RR9JPAV9C;
				GENERATE_INFOPLIST_FILE = YES;
				INFOPLIST_FILE = ShopZen/Info.plist;
				INFOPLIST_KEY_UIApplicationSupportsIndirectInputEvents = YES;
				INFOPLIST_KEY_UILaunchStoryboardName = LaunchScreen;
				INFOPLIST_KEY_UISupportedInterfaceOrientations_iPad = "UIInterfaceOrientationPortrait UIInterfaceOrientationPortraitUpsideDown UIInterfaceOrientationLandscapeLeft UIInterfaceOrientationLandscapeRight";
				INFOPLIST_KEY_UISupportedInterfaceOrientations_iPhone = "UIInterfaceOrientationPortrait UIInterfaceOrientationLandscapeLeft UIInterfaceOrientationLandscapeRight";
				IPHONEOS_DEPLOYMENT_TARGET = 14.0;
				LD_RUNPATH_SEARCH_PATHS = (
					"$(inherited)",
					"@executable_path/Frameworks",
				);
				MARKETING_VERSION = 1.0;
				PRODUCT_BUNDLE_IDENTIFIER = com.kevingiacomino.ShopZen;
				PRODUCT_NAME = "$(TARGET_NAME)";
				SWIFT_EMIT_LOC_STRINGS = YES;
				SWIFT_VERSION = 5.0;
				TARGETED_DEVICE_FAMILY = "1,2";
			};
			name = Release;
		};
		0A1650282826B60F00DE9FA6 /* Debug */ = {
			isa = XCBuildConfiguration;
			buildSettings = {
				ALWAYS_EMBED_SWIFT_STANDARD_LIBRARIES = YES;
				BUNDLE_LOADER = "$(TEST_HOST)";
				CODE_SIGN_STYLE = Automatic;
				CURRENT_PROJECT_VERSION = 1;
				DEVELOPMENT_TEAM = 2RR9JPAV9C;
				GENERATE_INFOPLIST_FILE = YES;
				IPHONEOS_DEPLOYMENT_TARGET = 15.4;
				MARKETING_VERSION = 1.0;
				PRODUCT_BUNDLE_IDENTIFIER = com.kevingiacomino.ShopZenTests;
				PRODUCT_NAME = "$(TARGET_NAME)";
				SWIFT_EMIT_LOC_STRINGS = NO;
				SWIFT_VERSION = 5.0;
				TARGETED_DEVICE_FAMILY = "1,2";
				TEST_HOST = "$(BUILT_PRODUCTS_DIR)/ShopZen.app/ShopZen";
			};
			name = Debug;
		};
		0A1650292826B60F00DE9FA6 /* Release */ = {
			isa = XCBuildConfiguration;
			buildSettings = {
				ALWAYS_EMBED_SWIFT_STANDARD_LIBRARIES = YES;
				BUNDLE_LOADER = "$(TEST_HOST)";
				CODE_SIGN_STYLE = Automatic;
				CURRENT_PROJECT_VERSION = 1;
				DEVELOPMENT_TEAM = 2RR9JPAV9C;
				GENERATE_INFOPLIST_FILE = YES;
				IPHONEOS_DEPLOYMENT_TARGET = 15.4;
				MARKETING_VERSION = 1.0;
				PRODUCT_BUNDLE_IDENTIFIER = com.kevingiacomino.ShopZenTests;
				PRODUCT_NAME = "$(TARGET_NAME)";
				SWIFT_EMIT_LOC_STRINGS = NO;
				SWIFT_VERSION = 5.0;
				TARGETED_DEVICE_FAMILY = "1,2";
				TEST_HOST = "$(BUILT_PRODUCTS_DIR)/ShopZen.app/ShopZen";
			};
			name = Release;
		};
		0A16502B2826B60F00DE9FA6 /* Debug */ = {
			isa = XCBuildConfiguration;
			buildSettings = {
				ALWAYS_EMBED_SWIFT_STANDARD_LIBRARIES = YES;
				CODE_SIGN_STYLE = Automatic;
				CURRENT_PROJECT_VERSION = 1;
				DEVELOPMENT_TEAM = 2RR9JPAV9C;
				GENERATE_INFOPLIST_FILE = YES;
				MARKETING_VERSION = 1.0;
				PRODUCT_BUNDLE_IDENTIFIER = com.kevingiacomino.ShopZenUITests;
				PRODUCT_NAME = "$(TARGET_NAME)";
				SWIFT_EMIT_LOC_STRINGS = NO;
				SWIFT_VERSION = 5.0;
				TARGETED_DEVICE_FAMILY = "1,2";
				TEST_TARGET_NAME = ShopZen;
			};
			name = Debug;
		};
		0A16502C2826B60F00DE9FA6 /* Release */ = {
			isa = XCBuildConfiguration;
			buildSettings = {
				ALWAYS_EMBED_SWIFT_STANDARD_LIBRARIES = YES;
				CODE_SIGN_STYLE = Automatic;
				CURRENT_PROJECT_VERSION = 1;
				DEVELOPMENT_TEAM = 2RR9JPAV9C;
				GENERATE_INFOPLIST_FILE = YES;
				MARKETING_VERSION = 1.0;
				PRODUCT_BUNDLE_IDENTIFIER = com.kevingiacomino.ShopZenUITests;
				PRODUCT_NAME = "$(TARGET_NAME)";
				SWIFT_EMIT_LOC_STRINGS = NO;
				SWIFT_VERSION = 5.0;
				TARGETED_DEVICE_FAMILY = "1,2";
				TEST_TARGET_NAME = ShopZen;
			};
			name = Release;
		};
/* End XCBuildConfiguration section */

/* Begin XCConfigurationList section */
		0A164FF52826B60E00DE9FA6 /* Build configuration list for PBXProject "ShopZen" */ = {
			isa = XCConfigurationList;
			buildConfigurations = (
				0A1650222826B60F00DE9FA6 /* Debug */,
				0A1650232826B60F00DE9FA6 /* Release */,
			);
			defaultConfigurationIsVisible = 0;
			defaultConfigurationName = Release;
		};
		0A1650242826B60F00DE9FA6 /* Build configuration list for PBXNativeTarget "ShopZen" */ = {
			isa = XCConfigurationList;
			buildConfigurations = (
				0A1650252826B60F00DE9FA6 /* Debug */,
				0A1650262826B60F00DE9FA6 /* Release */,
			);
			defaultConfigurationIsVisible = 0;
			defaultConfigurationName = Release;
		};
		0A1650272826B60F00DE9FA6 /* Build configuration list for PBXNativeTarget "ShopZenTests" */ = {
			isa = XCConfigurationList;
			buildConfigurations = (
				0A1650282826B60F00DE9FA6 /* Debug */,
				0A1650292826B60F00DE9FA6 /* Release */,
			);
			defaultConfigurationIsVisible = 0;
			defaultConfigurationName = Release;
		};
		0A16502A2826B60F00DE9FA6 /* Build configuration list for PBXNativeTarget "ShopZenUITests" */ = {
			isa = XCConfigurationList;
			buildConfigurations = (
				0A16502B2826B60F00DE9FA6 /* Debug */,
				0A16502C2826B60F00DE9FA6 /* Release */,
			);
			defaultConfigurationIsVisible = 0;
			defaultConfigurationName = Release;
		};
/* End XCConfigurationList section */
	};
	rootObject = 0A164FF22826B60E00DE9FA6 /* Project object */;
}
