// !$*UTF8*$!
{
	archiveVersion = 1;
	classes = {
	};
	objectVersion = 55;
	objects = {

/* Begin PBXBuildFile section */
		0A164FFE2826B60E00DE9FA6 /* AppDelegate.swift in Sources */ = {isa = PBXBuildFile; fileRef = 0A164FFD2826B60E00DE9FA6 /* AppDelegate.swift */; };
		0A1650002826B60E00DE9FA6 /* SceneDelegate.swift in Sources */ = {isa = PBXBuildFile; fileRef = 0A164FFF2826B60E00DE9FA6 /* SceneDelegate.swift */; };
		0A1650022826B60E00DE9FA6 /* ViewController.swift in Sources */ = {isa = PBXBuildFile; fileRef = 0A1650012826B60E00DE9FA6 /* ViewController.swift */; };
		0A1650072826B60F00DE9FA6 /* Assets.xcassets in Resources */ = {isa = PBXBuildFile; fileRef = 0A1650062826B60F00DE9FA6 /* Assets.xcassets */; };
		0A16500A2826B60F00DE9FA6 /* LaunchScreen.storyboard in Resources */ = {isa = PBXBuildFile; fileRef = 0A1650082826B60F00DE9FA6 /* LaunchScreen.storyboard */; };
		0A1650152826B60F00DE9FA6 /* ShopZenTests.swift in Sources */ = {isa = PBXBuildFile; fileRef = 0A1650142826B60F00DE9FA6 /* ShopZenTests.swift */; };
		0A16501F2826B60F00DE9FA6 /* ShopZenUITests.swift in Sources */ = {isa = PBXBuildFile; fileRef = 0A16501E2826B60F00DE9FA6 /* ShopZenUITests.swift */; };
		0A1650212826B60F00DE9FA6 /* ShopZenUITestsLaunchTests.swift in Sources */ = {isa = PBXBuildFile; fileRef = 0A1650202826B60F00DE9FA6 /* ShopZenUITestsLaunchTests.swift */; };
/* End PBXBuildFile section */

/* Begin PBXContainerItemProxy section */
		0A1650112826B60F00DE9FA6 /* PBXContainerItemProxy */ = {
			isa = PBXContainerItemProxy;
			containerPortal = 0A164FF22826B60E00DE9FA6 /* Project object */;
			proxyType = 1;
			remoteGlobalIDString = 0A164FF92826B60E00DE9FA6;
			remoteInfo = ShopZen;
		};
		0A16501B2826B60F00DE9FA6 /* PBXContainerItemProxy */ = {
			isa = PBXContainerItemProxy;
			containerPortal = 0A164FF22826B60E00DE9FA6 /* Project object */;
			proxyType = 1;
			remoteGlobalIDString = 0A164FF92826B60E00DE9FA6;
			remoteInfo = ShopZen;
		};
/* End PBXContainerItemProxy section */

/* Begin PBXFileReference section */
		0A164FFA2826B60E00DE9FA6 /* ShopZen.app */ = {isa = PBXFileReference; explicitFileType = wrapper.application; includeInIndex = 0; path = ShopZen.app; sourceTree = BUILT_PRODUCTS_DIR; };
		0A164FFD2826B60E00DE9FA6 /* AppDelegate.swift */ = {isa = PBXFileReference; lastKnownFileType = sourcecode.swift; path = AppDelegate.swift; sourceTree = "<group>"; };
		0A164FFF2826B60E00DE9FA6 /* SceneDelegate.swift */ = {isa = PBXFileReference; lastKnownFileType = sourcecode.swift; path = SceneDelegate.swift; sourceTree = "<group>"; };
		0A1650012826B60E00DE9FA6 /* ViewController.swift */ = {isa = PBXFileReference; lastKnownFileType = sourcecode.swift; path = ViewController.swift; sourceTree = "<group>"; };
		0A1650062826B60F00DE9FA6 /* Assets.xcassets */ = {isa = PBXFileReference; lastKnownFileType = folder.assetcatalog; path = Assets.xcassets; sourceTree = "<group>"; };
		0A1650092826B60F00DE9FA6 /* Base */ = {isa = PBXFileReference; lastKnownFileType = file.storyboard; name = Base; path = Base.lproj/LaunchScreen.storyboard; sourceTree = "<group>"; };
		0A16500B2826B60F00DE9FA6 /* Info.plist */ = {isa = PBXFileReference; lastKnownFileType = text.plist.xml; path = Info.plist; sourceTree = "<group>"; };
		0A1650102826B60F00DE9FA6 /* ShopZenTests.xctest */ = {isa = PBXFileReference; explicitFileType = wrapper.cfbundle; includeInIndex = 0; path = ShopZenTests.xctest; sourceTree = BUILT_PRODUCTS_DIR; };
		0A1650142826B60F00DE9FA6 /* ShopZenTests.swift */ = {isa = PBXFileReference; lastKnownFileType = sourcecode.swift; path = ShopZenTests.swift; sourceTree = "<group>"; };
		0A16501A2826B60F00DE9FA6 /* ShopZenUITests.xctest */ = {isa = PBXFileReference; explicitFileType = wrapper.cfbundle; includeInIndex = 0; path = ShopZenUITests.xctest; sourceTree = BUILT_PRODUCTS_DIR; };
		0A16501E2826B60F00DE9FA6 /* ShopZenUITests.swift */ = {isa = PBXFileReference; lastKnownFileType = sourcecode.swift; path = ShopZenUITests.swift; sourceTree = "<group>"; };
		0A1650202826B60F00DE9FA6 /* ShopZenUITestsLaunchTests.swift */ = {isa = PBXFileReference; lastKnownFileType = sourcecode.swift; path = ShopZenUITestsLaunchTests.swift; sourceTree = "<group>"; };
/* End PBXFileReference section */

/* Begin PBXFrameworksBuildPhase section */
		0A164FF72826B60E00DE9FA6 /* Frameworks */ = {
			isa = PBXFrameworksBuildPhase;
			buildActionMask = 2147483647;
			files = (
			);
			runOnlyForDeploymentPostprocessing = 0;
		};
		0A16500D2826B60F00DE9FA6 /* Frameworks */ = {
			isa = PBXFrameworksBuildPhase;
			buildActionMask = 2147483647;
			files = (
			);
			runOnlyForDeploymentPostprocessing = 0;
		};
		0A1650172826B60F00DE9FA6 /* Frameworks */ = {
			isa = PBXFrameworksBuildPhase;
			buildActionMask = 2147483647;
			files = (
			);
			runOnlyForDeploymentPostprocessing = 0;
		};
/* End PBXFrameworksBuildPhase section */

/* Begin PBXGroup section */
		0A164FF12826B60E00DE9FA6 = {
			isa = PBXGroup;
			children = (
				0A164FFC2826B60E00DE9FA6 /* ShopZen */,
				0A1650132826B60F00DE9FA6 /* ShopZenTests */,
				0A16501D2826B60F00DE9FA6 /* ShopZenUITests */,
				0A164FFB2826B60E00DE9FA6 /* Products */,
			);
			sourceTree = "<group>";
		};
		0A164FFB2826B60E00DE9FA6 /* Products */ = {
			isa = PBXGroup;
			children = (
				0A164FFA2826B60E00DE9FA6 /* ShopZen.app */,
				0A1650102826B60F00DE9FA6 /* ShopZenTests.xctest */,
				0A16501A2826B60F00DE9FA6 /* ShopZenUITests.xctest */,
			);
			name = Products;
			sourceTree = "<group>";
		};
		0A164FFC2826B60E00DE9FA6 /* ShopZen */ = {
			isa = PBXGroup;
			children = (
				0A164FFD2826B60E00DE9FA6 /* AppDelegate.swift */,
				0A164FFF2826B60E00DE9FA6 /* SceneDelegate.swift */,
				0A1650012826B60E00DE9FA6 /* ViewController.swift */,
				0A1650062826B60F00DE9FA6 /* Assets.xcassets */,
				0A1650082826B60F00DE9FA6 /* LaunchScreen.storyboard */,
				0A16500B2826B60F00DE9FA6 /* Info.plist */,
			);
			path = ShopZen;
			sourceTree = "<group>";
		};
		0A1650132826B60F00DE9FA6 /* ShopZenTests */ = {
			isa = PBXGroup;
			children = (
				0A1650142826B60F00DE9FA6 /* ShopZenTests.swift */,
			);
			path = ShopZenTests;
			sourceTree = "<group>";
		};
		0A16501D2826B60F00DE9FA6 /* ShopZenUITests */ = {
			isa = PBXGroup;
			children = (
				0A16501E2826B60F00DE9FA6 /* ShopZenUITests.swift */,
				0A1650202826B60F00DE9FA6 /* ShopZenUITestsLaunchTests.swift */,
			);
			path = ShopZenUITests;
			sourceTree = "<group>";
		};
/* End PBXGroup section */

/* Begin PBXNativeTarget section */
		0A164FF92826B60E00DE9FA6 /* ShopZen */ = {
			isa = PBXNativeTarget;
			buildConfigurationList = 0A1650242826B60F00DE9FA6 /* Build configuration list for PBXNativeTarget "ShopZen" */;
			buildPhases = (
				0A164FF62826B60E00DE9FA6 /* Sources */,
				0A164FF72826B60E00DE9FA6 /* Frameworks */,
				0A164FF82826B60E00DE9FA6 /* Resources */,
			);
			buildRules = (
			);
			dependencies = (
			);
			name = ShopZen;
			productName = ShopZen;
			productReference = 0A164FFA2826B60E00DE9FA6 /* ShopZen.app */;
			productType = "com.apple.product-type.application";
		};
		0A16500F2826B60F00DE9FA6 /* ShopZenTests */ = {
			isa = PBXNativeTarget;
			buildConfigurationList = 0A1650272826B60F00DE9FA6 /* Build configuration list for PBXNativeTarget "ShopZenTests" */;
			buildPhases = (
				0A16500C2826B60F00DE9FA6 /* Sources */,
				0A16500D2826B60F00DE9FA6 /* Frameworks */,
				0A16500E2826B60F00DE9FA6 /* Resources */,
			);
			buildRules = (
			);
			dependencies = (
				0A1650122826B60F00DE9FA6 /* PBXTargetDependency */,
			);
			name = ShopZenTests;
			productName = ShopZenTests;
			productReference = 0A1650102826B60F00DE9FA6 /* ShopZenTests.xctest */;
			productType = "com.apple.product-type.bundle.unit-test";
		};
		0A1650192826B60F00DE9FA6 /* ShopZenUITests */ = {
			isa = PBXNativeTarget;
			buildConfigurationList = 0A16502A2826B60F00DE9FA6 /* Build configuration list for PBXNativeTarget "ShopZenUITests" */;
			buildPhases = (
				0A1650162826B60F00DE9FA6 /* Sources */,
				0A1650172826B60F00DE9FA6 /* Frameworks */,
				0A1650182826B60F00DE9FA6 /* Resources */,
			);
			buildRules = (
			);
			dependencies = (
				0A16501C2826B60F00DE9FA6 /* PBXTargetDependency */,
			);
			name = ShopZenUITests;
			productName = ShopZenUITests;
			productReference = 0A16501A2826B60F00DE9FA6 /* ShopZenUITests.xctest */;
			productType = "com.apple.product-type.bundle.ui-testing";
		};
/* End PBXNativeTarget section */

/* Begin PBXProject section */
		0A164FF22826B60E00DE9FA6 /* Project object */ = {
			isa = PBXProject;
			attributes = {
				BuildIndependentTargetsInParallel = 1;
				LastSwiftUpdateCheck = 1330;
				LastUpgradeCheck = 1330;
				TargetAttributes = {
					0A164FF92826B60E00DE9FA6 = {
						CreatedOnToolsVersion = 13.3.1;
					};
					0A16500F2826B60F00DE9FA6 = {
						CreatedOnToolsVersion = 13.3.1;
						TestTargetID = 0A164FF92826B60E00DE9FA6;
					};
					0A1650192826B60F00DE9FA6 = {
						CreatedOnToolsVersion = 13.3.1;
						TestTargetID = 0A164FF92826B60E00DE9FA6;
					};
				};
			};
			buildConfigurationList = 0A164FF52826B60E00DE9FA6 /* Build configuration list for PBXProject "ShopZen" */;
			compatibilityVersion = "Xcode 13.0";
			developmentRegion = en;
			hasScannedForEncodings = 0;
			knownRegions = (
				en,
				Base,
			);
			mainGroup = 0A164FF12826B60E00DE9FA6;
			productRefGroup = 0A164FFB2826B60E00DE9FA6 /* Products */;
			projectDirPath = "";
			projectRoot = "";
			targets = (
				0A164FF92826B60E00DE9FA6 /* ShopZen */,
				0A16500F2826B60F00DE9FA6 /* ShopZenTests */,
				0A1650192826B60F00DE9FA6 /* ShopZenUITests */,
			);
		};
/* End PBXProject section */

/* Begin PBXResourcesBuildPhase section */
		0A164FF82826B60E00DE9FA6 /* Resources */ = {
			isa = PBXResourcesBuildPhase;
			buildActionMask = 2147483647;
			files = (
				0A16500A2826B60F00DE9FA6 /* LaunchScreen.storyboard in Resources */,
				0A1650072826B60F00DE9FA6 /* Assets.xcassets in Resources */,
			);
			runOnlyForDeploymentPostprocessing = 0;
		};
		0A16500E2826B60F00DE9FA6 /* Resources */ = {
			isa = PBXResourcesBuildPhase;
			buildActionMask = 2147483647;
			files = (
			);
			runOnlyForDeploymentPostprocessing = 0;
		};
		0A1650182826B60F00DE9FA6 /* Resources */ = {
			isa = PBXResourcesBuildPhase;
			buildActionMask = 2147483647;
			files = (
			);
			runOnlyForDeploymentPostprocessing = 0;
		};
/* End PBXResourcesBuildPhase section */

/* Begin PBXSourcesBuildPhase section */
		0A164FF62826B60E00DE9FA6 /* Sources */ = {
			isa = PBXSourcesBuildPhase;
			buildActionMask = 2147483647;
			files = (
				0A1650022826B60E00DE9FA6 /* ViewController.swift in Sources */,
				0A164FFE2826B60E00DE9FA6 /* AppDelegate.swift in Sources */,
				0A1650002826B60E00DE9FA6 /* SceneDelegate.swift in Sources */,
			);
			runOnlyForDeploymentPostprocessing = 0;
		};
		0A16500C2826B60F00DE9FA6 /* Sources */ = {
			isa = PBXSourcesBuildPhase;
			buildActionMask = 2147483647;
			files = (
				0A1650152826B60F00DE9FA6 /* ShopZenTests.swift in Sources */,
			);
			runOnlyForDeploymentPostprocessing = 0;
		};
		0A1650162826B60F00DE9FA6 /* Sources */ = {
			isa = PBXSourcesBuildPhase;
			buildActionMask = 2147483647;
			files = (
				0A1650212826B60F00DE9FA6 /* ShopZenUITestsLaunchTests.swift in Sources */,
				0A16501F2826B60F00DE9FA6 /* ShopZenUITests.swift in Sources */,
			);
			runOnlyForDeploymentPostprocessing = 0;
		};
/* End PBXSourcesBuildPhase section */

/* Begin PBXTargetDependency section */
		0A1650122826B60F00DE9FA6 /* PBXTargetDependency */ = {
			isa = PBXTargetDependency;
			target = 0A164FF92826B60E00DE9FA6 /* ShopZen */;
			targetProxy = 0A1650112826B60F00DE9FA6 /* PBXContainerItemProxy */;
		};
		0A16501C2826B60F00DE9FA6 /* PBXTargetDependency */ = {
			isa = PBXTargetDependency;
			target = 0A164FF92826B60E00DE9FA6 /* ShopZen */;
			targetProxy = 0A16501B2826B60F00DE9FA6 /* PBXContainerItemProxy */;
		};
/* End PBXTargetDependency section */

/* Begin PBXVariantGroup section */
		0A1650082826B60F00DE9FA6 /* LaunchScreen.storyboard */ = {
			isa = PBXVariantGroup;
			children = (
				0A1650092826B60F00DE9FA6 /* Base */,
			);
			name = LaunchScreen.storyboard;
			sourceTree = "<group>";
		};
/* End PBXVariantGroup section */

/* Begin XCBuildConfiguration section */
		0A1650222826B60F00DE9FA6 /* Debug */ = {
			isa = XCBuildConfiguration;
			buildSettings = {
				ALWAYS_SEARCH_USER_PATHS = NO;
				CLANG_ANALYZER_NONNULL = YES;
				CLANG_ANALYZER_NUMBER_OBJECT_CONVERSION = YES_AGGRESSIVE;
				CLANG_CXX_LANGUAGE_STANDARD = "gnu++17";
				CLANG_ENABLE_MODULES = YES;
				CLANG_ENABLE_OBJC_ARC = YES;
				CLANG_ENABLE_OBJC_WEAK = YES;
				CLANG_WARN_BLOCK_CAPTURE_AUTORELEASING = YES;
				CLANG_WARN_BOOL_CONVERSION = YES;
				CLANG_WARN_COMMA = YES;
				CLANG_WARN_CONSTANT_CONVERSION = YES;
				CLANG_WARN_DEPRECATED_OBJC_IMPLEMENTATIONS = YES;
				CLANG_WARN_DIRECT_OBJC_ISA_USAGE = YES_ERROR;
				CLANG_WARN_DOCUMENTATION_COMMENTS = YES;
				CLANG_WARN_EMPTY_BODY = YES;
				CLANG_WARN_ENUM_CONVERSION = YES;
				CLANG_WARN_INFINITE_RECURSION = YES;
				CLANG_WARN_INT_CONVERSION = YES;
				CLANG_WARN_NON_LITERAL_NULL_CONVERSION = YES;
				CLANG_WARN_OBJC_IMPLICIT_RETAIN_SELF = YES;
				CLANG_WARN_OBJC_LITERAL_CONVERSION = YES;
				CLANG_WARN_OBJC_ROOT_CLASS = YES_ERROR;
				CLANG_WARN_QUOTED_INCLUDE_IN_FRAMEWORK_HEADER = YES;
				CLANG_WARN_RANGE_LOOP_ANALYSIS = YES;
				CLANG_WARN_STRICT_PROTOTYPES = YES;
				CLANG_WARN_SUSPICIOUS_MOVE = YES;
				CLANG_WARN_UNGUARDED_AVAILABILITY = YES_AGGRESSIVE;
				CLANG_WARN_UNREACHABLE_CODE = YES;
				CLANG_WARN__DUPLICATE_METHOD_MATCH = YES;
				COPY_PHASE_STRIP = NO;
				DEBUG_INFORMATION_FORMAT = dwarf;
				ENABLE_STRICT_OBJC_MSGSEND = YES;
				ENABLE_TESTABILITY = YES;
				GCC_C_LANGUAGE_STANDARD = gnu11;
				GCC_DYNAMIC_NO_PIC = NO;
				GCC_NO_COMMON_BLOCKS = YES;
				GCC_OPTIMIZATION_LEVEL = 0;
				GCC_PREPROCESSOR_DEFINITIONS = (
					"DEBUG=1",
					"$(inherited)",
				);
				GCC_WARN_64_TO_32_BIT_CONVERSION = YES;
				GCC_WARN_ABOUT_RETURN_TYPE = YES_ERROR;
				GCC_WARN_UNDECLARED_SELECTOR = YES;
				GCC_WARN_UNINITIALIZED_AUTOS = YES_AGGRESSIVE;
				GCC_WARN_UNUSED_FUNCTION = YES;
				GCC_WARN_UNUSED_VARIABLE = YES;
				IPHONEOS_DEPLOYMENT_TARGET = 15.4;
				MTL_ENABLE_DEBUG_INFO = INCLUDE_SOURCE;
				MTL_FAST_MATH = YES;
				ONLY_ACTIVE_ARCH = YES;
				SDKROOT = iphoneos;
				SWIFT_ACTIVE_COMPILATION_CONDITIONS = DEBUG;
				SWIFT_OPTIMIZATION_LEVEL = "-Onone";
			};
			name = Debug;
		};
		0A1650232826B60F00DE9FA6 /* Release */ = {
			isa = XCBuildConfiguration;
			buildSettings = {
				ALWAYS_SEARCH_USER_PATHS = NO;
				CLANG_ANALYZER_NONNULL = YES;
				CLANG_ANALYZER_NUMBER_OBJECT_CONVERSION = YES_AGGRESSIVE;
				CLANG_CXX_LANGUAGE_STANDARD = "gnu++17";
				CLANG_ENABLE_MODULES = YES;
				CLANG_ENABLE_OBJC_ARC = YES;
				CLANG_ENABLE_OBJC_WEAK = YES;
				CLANG_WARN_BLOCK_CAPTURE_AUTORELEASING = YES;
				CLANG_WARN_BOOL_CONVERSION = YES;
				CLANG_WARN_COMMA = YES;
				CLANG_WARN_CONSTANT_CONVERSION = YES;
				CLANG_WARN_DEPRECATED_OBJC_IMPLEMENTATIONS = YES;
				CLANG_WARN_DIRECT_OBJC_ISA_USAGE = YES_ERROR;
				CLANG_WARN_DOCUMENTATION_COMMENTS = YES;
				CLANG_WARN_EMPTY_BODY = YES;
				CLANG_WARN_ENUM_CONVERSION = YES;
				CLANG_WARN_INFINITE_RECURSION = YES;
				CLANG_WARN_INT_CONVERSION = YES;
				CLANG_WARN_NON_LITERAL_NULL_CONVERSION = YES;
				CLANG_WARN_OBJC_IMPLICIT_RETAIN_SELF = YES;
				CLANG_WARN_OBJC_LITERAL_CONVERSION = YES;
				CLANG_WARN_OBJC_ROOT_CLASS = YES_ERROR;
				CLANG_WARN_QUOTED_INCLUDE_IN_FRAMEWORK_HEADER = YES;
				CLANG_WARN_RANGE_LOOP_ANALYSIS = YES;
				CLANG_WARN_STRICT_PROTOTYPES = YES;
				CLANG_WARN_SUSPICIOUS_MOVE = YES;
				CLANG_WARN_UNGUARDED_AVAILABILITY = YES_AGGRESSIVE;
				CLANG_WARN_UNREACHABLE_CODE = YES;
				CLANG_WARN__DUPLICATE_METHOD_MATCH = YES;
				COPY_PHASE_STRIP = NO;
				DEBUG_INFORMATION_FORMAT = "dwarf-with-dsym";
				ENABLE_NS_ASSERTIONS = NO;
				ENABLE_STRICT_OBJC_MSGSEND = YES;
				GCC_C_LANGUAGE_STANDARD = gnu11;
				GCC_NO_COMMON_BLOCKS = YES;
				GCC_WARN_64_TO_32_BIT_CONVERSION = YES;
				GCC_WARN_ABOUT_RETURN_TYPE = YES_ERROR;
				GCC_WARN_UNDECLARED_SELECTOR = YES;
				GCC_WARN_UNINITIALIZED_AUTOS = YES_AGGRESSIVE;
				GCC_WARN_UNUSED_FUNCTION = YES;
				GCC_WARN_UNUSED_VARIABLE = YES;
				IPHONEOS_DEPLOYMENT_TARGET = 15.4;
				MTL_ENABLE_DEBUG_INFO = NO;
				MTL_FAST_MATH = YES;
				SDKROOT = iphoneos;
				SWIFT_COMPILATION_MODE = wholemodule;
				SWIFT_OPTIMIZATION_LEVEL = "-O";
				VALIDATE_PRODUCT = YES;
			};
			name = Release;
		};
		0A1650252826B60F00DE9FA6 /* Debug */ = {
			isa = XCBuildConfiguration;
			buildSettings = {
				ASSETCATALOG_COMPILER_APPICON_NAME = AppIcon;
				ASSETCATALOG_COMPILER_GLOBAL_ACCENT_COLOR_NAME = AccentColor;
				CODE_SIGN_STYLE = Automatic;
				CURRENT_PROJECT_VERSION = 1;
				GENERATE_INFOPLIST_FILE = YES;
				INFOPLIST_FILE = ShopZen/Info.plist;
				INFOPLIST_KEY_UIApplicationSupportsIndirectInputEvents = YES;
				INFOPLIST_KEY_UILaunchStoryboardName = LaunchScreen;
				INFOPLIST_KEY_UISupportedInterfaceOrientations_iPad = "UIInterfaceOrientationPortrait UIInterfaceOrientationPortraitUpsideDown UIInterfaceOrientationLandscapeLeft UIInterfaceOrientationLandscapeRight";
				INFOPLIST_KEY_UISupportedInterfaceOrientations_iPhone = "UIInterfaceOrientationPortrait UIInterfaceOrientationLandscapeLeft UIInterfaceOrientationLandscapeRight";
				IPHONEOS_DEPLOYMENT_TARGET = 14.0;
				LD_RUNPATH_SEARCH_PATHS = (
					"$(inherited)",
					"@executable_path/Frameworks",
				);
				MARKETING_VERSION = 1.0;
				PRODUCT_BUNDLE_IDENTIFIER = com.kevingiacomino.ShopZen;
				PRODUCT_NAME = "$(TARGET_NAME)";
				SWIFT_EMIT_LOC_STRINGS = YES;
				SWIFT_VERSION = 5.0;
				TARGETED_DEVICE_FAMILY = "1,2";
			};
			name = Debug;
		};
		0A1650262826B60F00DE9FA6 /* Release */ = {
			isa = XCBuildConfiguration;
			buildSettings = {
				ASSETCATALOG_COMPILER_APPICON_NAME = AppIcon;
				ASSETCATALOG_COMPILER_GLOBAL_ACCENT_COLOR_NAME = AccentColor;
				CODE_SIGN_STYLE = Automatic;
				CURRENT_PROJECT_VERSION = 1;
				GENERATE_INFOPLIST_FILE = YES;
				INFOPLIST_FILE = ShopZen/Info.plist;
				INFOPLIST_KEY_UIApplicationSupportsIndirectInputEvents = YES;
				INFOPLIST_KEY_UILaunchStoryboardName = LaunchScreen;
				INFOPLIST_KEY_UISupportedInterfaceOrientations_iPad = "UIInterfaceOrientationPortrait UIInterfaceOrientationPortraitUpsideDown UIInterfaceOrientationLandscapeLeft UIInterfaceOrientationLandscapeRight";
				INFOPLIST_KEY_UISupportedInterfaceOrientations_iPhone = "UIInterfaceOrientationPortrait UIInterfaceOrientationLandscapeLeft UIInterfaceOrientationLandscapeRight";
				IPHONEOS_DEPLOYMENT_TARGET = 14.0;
				LD_RUNPATH_SEARCH_PATHS = (
					"$(inherited)",
					"@executable_path/Frameworks",
				);
				MARKETING_VERSION = 1.0;
				PRODUCT_BUNDLE_IDENTIFIER = com.kevingiacomino.ShopZen;
				PRODUCT_NAME = "$(TARGET_NAME)";
				SWIFT_EMIT_LOC_STRINGS = YES;
				SWIFT_VERSION = 5.0;
				TARGETED_DEVICE_FAMILY = "1,2";
			};
			name = Release;
		};
		0A1650282826B60F00DE9FA6 /* Debug */ = {
			isa = XCBuildConfiguration;
			buildSettings = {
				ALWAYS_EMBED_SWIFT_STANDARD_LIBRARIES = YES;
				BUNDLE_LOADER = "$(TEST_HOST)";
				CODE_SIGN_STYLE = Automatic;
				CURRENT_PROJECT_VERSION = 1;
				GENERATE_INFOPLIST_FILE = YES;
				IPHONEOS_DEPLOYMENT_TARGET = 15.4;
				MARKETING_VERSION = 1.0;
				PRODUCT_BUNDLE_IDENTIFIER = com.kevingiacomino.ShopZenTests;
				PRODUCT_NAME = "$(TARGET_NAME)";
				SWIFT_EMIT_LOC_STRINGS = NO;
				SWIFT_VERSION = 5.0;
				TARGETED_DEVICE_FAMILY = "1,2";
				TEST_HOST = "$(BUILT_PRODUCTS_DIR)/ShopZen.app/ShopZen";
			};
			name = Debug;
		};
		0A1650292826B60F00DE9FA6 /* Release */ = {
			isa = XCBuildConfiguration;
			buildSettings = {
				ALWAYS_EMBED_SWIFT_STANDARD_LIBRARIES = YES;
				BUNDLE_LOADER = "$(TEST_HOST)";
				CODE_SIGN_STYLE = Automatic;
				CURRENT_PROJECT_VERSION = 1;
				GENERATE_INFOPLIST_FILE = YES;
				IPHONEOS_DEPLOYMENT_TARGET = 15.4;
				MARKETING_VERSION = 1.0;
				PRODUCT_BUNDLE_IDENTIFIER = com.kevingiacomino.ShopZenTests;
				PRODUCT_NAME = "$(TARGET_NAME)";
				SWIFT_EMIT_LOC_STRINGS = NO;
				SWIFT_VERSION = 5.0;
				TARGETED_DEVICE_FAMILY = "1,2";
				TEST_HOST = "$(BUILT_PRODUCTS_DIR)/ShopZen.app/ShopZen";
			};
			name = Release;
		};
		0A16502B2826B60F00DE9FA6 /* Debug */ = {
			isa = XCBuildConfiguration;
			buildSettings = {
				ALWAYS_EMBED_SWIFT_STANDARD_LIBRARIES = YES;
				CODE_SIGN_STYLE = Automatic;
				CURRENT_PROJECT_VERSION = 1;
				GENERATE_INFOPLIST_FILE = YES;
				MARKETING_VERSION = 1.0;
				PRODUCT_BUNDLE_IDENTIFIER = com.kevingiacomino.ShopZenUITests;
				PRODUCT_NAME = "$(TARGET_NAME)";
				SWIFT_EMIT_LOC_STRINGS = NO;
				SWIFT_VERSION = 5.0;
				TARGETED_DEVICE_FAMILY = "1,2";
				TEST_TARGET_NAME = ShopZen;
			};
			name = Debug;
		};
		0A16502C2826B60F00DE9FA6 /* Release */ = {
			isa = XCBuildConfiguration;
			buildSettings = {
				ALWAYS_EMBED_SWIFT_STANDARD_LIBRARIES = YES;
				CODE_SIGN_STYLE = Automatic;
				CURRENT_PROJECT_VERSION = 1;
				GENERATE_INFOPLIST_FILE = YES;
				MARKETING_VERSION = 1.0;
				PRODUCT_BUNDLE_IDENTIFIER = com.kevingiacomino.ShopZenUITests;
				PRODUCT_NAME = "$(TARGET_NAME)";
				SWIFT_EMIT_LOC_STRINGS = NO;
				SWIFT_VERSION = 5.0;
				TARGETED_DEVICE_FAMILY = "1,2";
				TEST_TARGET_NAME = ShopZen;
			};
			name = Release;
		};
/* End XCBuildConfiguration section */

/* Begin XCConfigurationList section */
		0A164FF52826B60E00DE9FA6 /* Build configuration list for PBXProject "ShopZen" */ = {
			isa = XCConfigurationList;
			buildConfigurations = (
				0A1650222826B60F00DE9FA6 /* Debug */,
				0A1650232826B60F00DE9FA6 /* Release */,
			);
			defaultConfigurationIsVisible = 0;
			defaultConfigurationName = Release;
		};
		0A1650242826B60F00DE9FA6 /* Build configuration list for PBXNativeTarget "ShopZen" */ = {
			isa = XCConfigurationList;
			buildConfigurations = (
				0A1650252826B60F00DE9FA6 /* Debug */,
				0A1650262826B60F00DE9FA6 /* Release */,
			);
			defaultConfigurationIsVisible = 0;
			defaultConfigurationName = Release;
		};
		0A1650272826B60F00DE9FA6 /* Build configuration list for PBXNativeTarget "ShopZenTests" */ = {
			isa = XCConfigurationList;
			buildConfigurations = (
				0A1650282826B60F00DE9FA6 /* Debug */,
				0A1650292826B60F00DE9FA6 /* Release */,
			);
			defaultConfigurationIsVisible = 0;
			defaultConfigurationName = Release;
		};
		0A16502A2826B60F00DE9FA6 /* Build configuration list for PBXNativeTarget "ShopZenUITests" */ = {
			isa = XCConfigurationList;
			buildConfigurations = (
				0A16502B2826B60F00DE9FA6 /* Debug */,
				0A16502C2826B60F00DE9FA6 /* Release */,
			);
			defaultConfigurationIsVisible = 0;
			defaultConfigurationName = Release;
		};
/* End XCConfigurationList section */
	};
	rootObject = 0A164FF22826B60E00DE9FA6 /* Project object */;
}
